
Microsoft Visual Studio Solution File, Format Version 12.00
# Visual Studio 15
VisualStudioVersion = 15.0.28307.421
MinimumVisualStudioVersion = 10.0.40219.1
Project("{2150E333-8FDC-42A3-9474-1A3956D46DE8}") = "4. Hardware Abstraction Layer", "4. Hardware Abstraction Layer", "{BD8FE923-DB01-44D3-9F65-78D68E100E5A}"
EndProject
Project("{2150E333-8FDC-42A3-9474-1A3956D46DE8}") = "3. Business Logic", "3. Business Logic", "{2E85DEA9-9448-4AEB-BEF0-D45FFA089BDF}"
EndProject
Project("{2150E333-8FDC-42A3-9474-1A3956D46DE8}") = "0. Common", "0. Common", "{8A8E8C0F-B04A-4C2E-89D3-9BED018C6E23}"
EndProject
Project("{2150E333-8FDC-42A3-9474-1A3956D46DE8}") = "1. Application", "1. Application", "{6A1D5BD9-9C46-45DB-9602-02EC3C292F89}"
EndProject
Project("{9A19103F-16F7-4668-BE54-9A1E7A4F7556}") = "OpenRem.UI", "Application\OpenRem.UI\OpenRem.UI.csproj", "{314AC842-4AAC-40DA-B7D2-46034E6FF25A}"
	ProjectSection(ProjectDependencies) = postProject
		{92A35DEB-7D8F-452B-958B-A7E83259540F} = {92A35DEB-7D8F-452B-958B-A7E83259540F}
	EndProjectSection
EndProject
Project("{9A19103F-16F7-4668-BE54-9A1E7A4F7556}") = "OpenRem.CommonUI", "Application\OpenRem.CommonUI\OpenRem.CommonUI.csproj", "{445C19F4-E724-42F0-9AAF-A2B2867D826A}"
EndProject
Project("{9A19103F-16F7-4668-BE54-9A1E7A4F7556}") = "OpenRem.Arduino", "HAL\OpenRem.Arduino\OpenRem.Arduino.csproj", "{E360A461-585A-4416-82BE-B5719B270B39}"
EndProject
Project("{9A19103F-16F7-4668-BE54-9A1E7A4F7556}") = "OpenRem.Core", "Common\OpenRem.Core\OpenRem.Core.csproj", "{03BAE7C0-BA53-4792-97D6-AE1637821846}"
EndProject
Project("{9A19103F-16F7-4668-BE54-9A1E7A4F7556}") = "OpenRem.Common", "Common\OpenRem.Common\OpenRem.Common.csproj", "{45ECB91C-68EE-4EF9-9F1C-32ACE8A12F54}"
EndProject
Project("{9A19103F-16F7-4668-BE54-9A1E7A4F7556}") = "OpenRem.Engine", "BL\OpenRem.Engine\OpenRem.Engine.csproj", "{92A35DEB-7D8F-452B-958B-A7E83259540F}"
EndProject
Project("{9A19103F-16F7-4668-BE54-9A1E7A4F7556}") = "OpenRem.Emulator", "HAL\OpenRem.Emulator\OpenRem.Emulator.csproj", "{08838EC5-0D11-46AC-8FD1-51B2667C06E1}"
EndProject
Project("{9A19103F-16F7-4668-BE54-9A1E7A4F7556}") = "OpenRem.Engine.Test", "BL\OpenRem.Engine.Test\OpenRem.Engine.Test.csproj", "{77BE9A99-FB03-479C-9782-D8C337298124}"
EndProject
Project("{9A19103F-16F7-4668-BE54-9A1E7A4F7556}") = "OpenRem.Emulator.Interface", "HAL\OpenRem.Emulator.Interface\OpenRem.Emulator.Interface.csproj", "{B7030F6A-D793-44FF-A373-D1723C0CFB4F}"
EndProject
Project("{9A19103F-16F7-4668-BE54-9A1E7A4F7556}") = "OpenRem.Emulator.Test", "HAL\OpenRem.Emulator.Test\OpenRem.Emulator.Test.csproj", "{A026B8B1-BB0B-45E0-AA96-709191032655}"
EndProject
Project("{2150E333-8FDC-42A3-9474-1A3956D46DE8}") = "Emulator", "Emulator", "{ACF5EC69-2BBA-4201-A91F-C376F5E57BFC}"
EndProject
Project("{2150E333-8FDC-42A3-9474-1A3956D46DE8}") = "Arduino", "Arduino", "{33798FC3-3A7D-45B2-BC31-31C09D27391E}"
EndProject
Project("{9A19103F-16F7-4668-BE54-9A1E7A4F7556}") = "OpenRem.Engine.Interface", "BL\OpenRem.Engine.Interface\OpenRem.Engine.Interface.csproj", "{2A548A63-56DF-486F-8C8D-83EDFCB74BE0}"
EndProject
Project("{9A19103F-16F7-4668-BE54-9A1E7A4F7556}") = "OpenRem.Arduino.Interface", "HAL\OpenRem.Arduino.Interface\OpenRem.Arduino.Interface.csproj", "{FFD6877B-3913-4CF9-B394-4A154821CF63}"
EndProject
Project("{9A19103F-16F7-4668-BE54-9A1E7A4F7556}") = "OpenRem.HAL.Interface", "HAL\OpenRem.HAL.Interface\OpenRem.HAL.Interface.csproj", "{362456BA-B77D-4AAF-B2B6-7609379036BB}"
EndProject
Project("{2150E333-8FDC-42A3-9474-1A3956D46DE8}") = "Config", "Config", "{F74C8612-4E18-4DB6-801E-F04D8B4032B2}"
EndProject
Project("{9A19103F-16F7-4668-BE54-9A1E7A4F7556}") = "OpenRem.Config", "BL\OpenRem.Config\OpenRem.Config.csproj", "{4B486BFB-AC7C-44F1-B92E-E6E5DA92C8EF}"
EndProject
Project("{9A19103F-16F7-4668-BE54-9A1E7A4F7556}") = "OpenRem.Config.Interfaces", "BL\OpenRem.Config.Interfaces\OpenRem.Config.Interfaces.csproj", "{B019166C-6430-44BC-86A3-3B929CC0CDA4}"
EndProject
Project("{9A19103F-16F7-4668-BE54-9A1E7A4F7556}") = "OpenRem.Config.Test", "BL\OpenRem.Config.Test\OpenRem.Config.Test.csproj", "{BB7EB9DD-C5BF-4C47-9749-A34177032E83}"
EndProject
Project("{2150E333-8FDC-42A3-9474-1A3956D46DE8}") = "2. Service", "2. Service", "{B6027F6E-F507-4755-B1D7-9AD418A11F1A}"
EndProject
Project("{9A19103F-16F7-4668-BE54-9A1E7A4F7556}") = "OpenRem.Ark", "Service\OpenRem.Ark\OpenRem.Ark.csproj", "{9F34264E-808B-45B2-8B44-755C6032973D}"
EndProject
Project("{9A19103F-16F7-4668-BE54-9A1E7A4F7556}") = "OpenRem.Common.Test", "Common\OpenRem.Common.Test\OpenRem.Common.Test.csproj", "{2E31143D-B5FB-4DD2-97DF-AA75D984E1E5}"
EndProject
Project("{9A19103F-16F7-4668-BE54-9A1E7A4F7556}") = "OpenRem.Service.Protocol", "Service\OpenRem.Service.Protocol\OpenRem.Service.Protocol.csproj", "{B8C473E1-3331-462D-917B-632EDE4648A3}"
EndProject
Project("{9A19103F-16F7-4668-BE54-9A1E7A4F7556}") = "OpenRem.Service.Application", "Service\OpenRem.Service.Application\OpenRem.Service.Application.csproj", "{626746AA-5CD3-4C88-B3AA-7A7A89E17BA5}"
EndProject
Project("{9A19103F-16F7-4668-BE54-9A1E7A4F7556}") = "OpenRem.Common.Application", "Common\OpenRem.Common.Application\OpenRem.Common.Application.csproj", "{0252B968-38FB-48B9-B024-2BE5656BAFC8}"
EndProject
Project("{9A19103F-16F7-4668-BE54-9A1E7A4F7556}") = "OpenRem.Service.Client", "Service\OpenRem.Service.Client\OpenRem.Service.Client.csproj", "{3531F909-6B4E-4362-B64E-CBB8E9767D8F}"
EndProject
Project("{9A19103F-16F7-4668-BE54-9A1E7A4F7556}") = "OpenRem.Service.Server", "Service\OpenRem.Service.Server\OpenRem.Service.Server.csproj", "{FC05B523-D397-4B3B-93AA-0B50D7DAB80C}"
EndProject
Project("{9A19103F-16F7-4668-BE54-9A1E7A4F7556}") = "OpenRem.Service.Server.Interface", "Service\OpenRem.Service.Server.Interface\OpenRem.Service.Server.Interface.csproj", "{66697ABB-C383-45B5-AFD4-CAD277A110DF}"
EndProject
Global
	GlobalSection(SolutionConfigurationPlatforms) = preSolution
		Debug|Any CPU = Debug|Any CPU
		Installer_Debug|Any CPU = Installer_Debug|Any CPU
		Release|Any CPU = Release|Any CPU
	EndGlobalSection
	GlobalSection(ProjectConfigurationPlatforms) = postSolution
		{314AC842-4AAC-40DA-B7D2-46034E6FF25A}.Debug|Any CPU.ActiveCfg = Debug|Any CPU
		{314AC842-4AAC-40DA-B7D2-46034E6FF25A}.Debug|Any CPU.Build.0 = Debug|Any CPU
		{314AC842-4AAC-40DA-B7D2-46034E6FF25A}.Installer_Debug|Any CPU.ActiveCfg = Debug|Any CPU
		{314AC842-4AAC-40DA-B7D2-46034E6FF25A}.Installer_Debug|Any CPU.Build.0 = Debug|Any CPU
		{314AC842-4AAC-40DA-B7D2-46034E6FF25A}.Release|Any CPU.ActiveCfg = Release|Any CPU
		{314AC842-4AAC-40DA-B7D2-46034E6FF25A}.Release|Any CPU.Build.0 = Release|Any CPU
		{445C19F4-E724-42F0-9AAF-A2B2867D826A}.Debug|Any CPU.ActiveCfg = Debug|Any CPU
		{445C19F4-E724-42F0-9AAF-A2B2867D826A}.Debug|Any CPU.Build.0 = Debug|Any CPU
		{445C19F4-E724-42F0-9AAF-A2B2867D826A}.Installer_Debug|Any CPU.ActiveCfg = Debug|Any CPU
		{445C19F4-E724-42F0-9AAF-A2B2867D826A}.Installer_Debug|Any CPU.Build.0 = Debug|Any CPU
		{445C19F4-E724-42F0-9AAF-A2B2867D826A}.Release|Any CPU.ActiveCfg = Release|Any CPU
		{445C19F4-E724-42F0-9AAF-A2B2867D826A}.Release|Any CPU.Build.0 = Release|Any CPU
		{E360A461-585A-4416-82BE-B5719B270B39}.Debug|Any CPU.ActiveCfg = Debug|Any CPU
		{E360A461-585A-4416-82BE-B5719B270B39}.Debug|Any CPU.Build.0 = Debug|Any CPU
		{E360A461-585A-4416-82BE-B5719B270B39}.Installer_Debug|Any CPU.ActiveCfg = Debug|Any CPU
		{E360A461-585A-4416-82BE-B5719B270B39}.Installer_Debug|Any CPU.Build.0 = Debug|Any CPU
		{E360A461-585A-4416-82BE-B5719B270B39}.Release|Any CPU.ActiveCfg = Release|Any CPU
		{E360A461-585A-4416-82BE-B5719B270B39}.Release|Any CPU.Build.0 = Release|Any CPU
		{03BAE7C0-BA53-4792-97D6-AE1637821846}.Debug|Any CPU.ActiveCfg = Debug|Any CPU
		{03BAE7C0-BA53-4792-97D6-AE1637821846}.Debug|Any CPU.Build.0 = Debug|Any CPU
		{03BAE7C0-BA53-4792-97D6-AE1637821846}.Installer_Debug|Any CPU.ActiveCfg = Debug|Any CPU
		{03BAE7C0-BA53-4792-97D6-AE1637821846}.Installer_Debug|Any CPU.Build.0 = Debug|Any CPU
		{03BAE7C0-BA53-4792-97D6-AE1637821846}.Release|Any CPU.ActiveCfg = Release|Any CPU
		{03BAE7C0-BA53-4792-97D6-AE1637821846}.Release|Any CPU.Build.0 = Release|Any CPU
		{45ECB91C-68EE-4EF9-9F1C-32ACE8A12F54}.Debug|Any CPU.ActiveCfg = Debug|Any CPU
		{45ECB91C-68EE-4EF9-9F1C-32ACE8A12F54}.Debug|Any CPU.Build.0 = Debug|Any CPU
		{45ECB91C-68EE-4EF9-9F1C-32ACE8A12F54}.Installer_Debug|Any CPU.ActiveCfg = Debug|Any CPU
		{45ECB91C-68EE-4EF9-9F1C-32ACE8A12F54}.Installer_Debug|Any CPU.Build.0 = Debug|Any CPU
		{45ECB91C-68EE-4EF9-9F1C-32ACE8A12F54}.Release|Any CPU.ActiveCfg = Release|Any CPU
		{45ECB91C-68EE-4EF9-9F1C-32ACE8A12F54}.Release|Any CPU.Build.0 = Release|Any CPU
		{92A35DEB-7D8F-452B-958B-A7E83259540F}.Debug|Any CPU.ActiveCfg = Debug|Any CPU
		{92A35DEB-7D8F-452B-958B-A7E83259540F}.Debug|Any CPU.Build.0 = Debug|Any CPU
		{92A35DEB-7D8F-452B-958B-A7E83259540F}.Installer_Debug|Any CPU.ActiveCfg = Debug|Any CPU
		{92A35DEB-7D8F-452B-958B-A7E83259540F}.Installer_Debug|Any CPU.Build.0 = Debug|Any CPU
		{92A35DEB-7D8F-452B-958B-A7E83259540F}.Release|Any CPU.ActiveCfg = Release|Any CPU
		{92A35DEB-7D8F-452B-958B-A7E83259540F}.Release|Any CPU.Build.0 = Release|Any CPU
		{08838EC5-0D11-46AC-8FD1-51B2667C06E1}.Debug|Any CPU.ActiveCfg = Debug|Any CPU
		{08838EC5-0D11-46AC-8FD1-51B2667C06E1}.Debug|Any CPU.Build.0 = Debug|Any CPU
		{08838EC5-0D11-46AC-8FD1-51B2667C06E1}.Installer_Debug|Any CPU.ActiveCfg = Debug|Any CPU
		{08838EC5-0D11-46AC-8FD1-51B2667C06E1}.Installer_Debug|Any CPU.Build.0 = Debug|Any CPU
		{08838EC5-0D11-46AC-8FD1-51B2667C06E1}.Release|Any CPU.ActiveCfg = Release|Any CPU
		{08838EC5-0D11-46AC-8FD1-51B2667C06E1}.Release|Any CPU.Build.0 = Release|Any CPU
		{77BE9A99-FB03-479C-9782-D8C337298124}.Debug|Any CPU.ActiveCfg = Debug|Any CPU
		{77BE9A99-FB03-479C-9782-D8C337298124}.Debug|Any CPU.Build.0 = Debug|Any CPU
		{77BE9A99-FB03-479C-9782-D8C337298124}.Installer_Debug|Any CPU.ActiveCfg = Debug|Any CPU
		{77BE9A99-FB03-479C-9782-D8C337298124}.Installer_Debug|Any CPU.Build.0 = Debug|Any CPU
		{77BE9A99-FB03-479C-9782-D8C337298124}.Release|Any CPU.ActiveCfg = Release|Any CPU
		{77BE9A99-FB03-479C-9782-D8C337298124}.Release|Any CPU.Build.0 = Release|Any CPU
		{B7030F6A-D793-44FF-A373-D1723C0CFB4F}.Debug|Any CPU.ActiveCfg = Debug|Any CPU
		{B7030F6A-D793-44FF-A373-D1723C0CFB4F}.Debug|Any CPU.Build.0 = Debug|Any CPU
		{B7030F6A-D793-44FF-A373-D1723C0CFB4F}.Installer_Debug|Any CPU.ActiveCfg = Debug|Any CPU
		{B7030F6A-D793-44FF-A373-D1723C0CFB4F}.Installer_Debug|Any CPU.Build.0 = Debug|Any CPU
		{B7030F6A-D793-44FF-A373-D1723C0CFB4F}.Release|Any CPU.ActiveCfg = Release|Any CPU
		{B7030F6A-D793-44FF-A373-D1723C0CFB4F}.Release|Any CPU.Build.0 = Release|Any CPU
		{A026B8B1-BB0B-45E0-AA96-709191032655}.Debug|Any CPU.ActiveCfg = Debug|Any CPU
		{A026B8B1-BB0B-45E0-AA96-709191032655}.Debug|Any CPU.Build.0 = Debug|Any CPU
		{A026B8B1-BB0B-45E0-AA96-709191032655}.Installer_Debug|Any CPU.ActiveCfg = Debug|Any CPU
		{A026B8B1-BB0B-45E0-AA96-709191032655}.Installer_Debug|Any CPU.Build.0 = Debug|Any CPU
		{A026B8B1-BB0B-45E0-AA96-709191032655}.Release|Any CPU.ActiveCfg = Release|Any CPU
		{A026B8B1-BB0B-45E0-AA96-709191032655}.Release|Any CPU.Build.0 = Release|Any CPU
		{2A548A63-56DF-486F-8C8D-83EDFCB74BE0}.Debug|Any CPU.ActiveCfg = Debug|Any CPU
		{2A548A63-56DF-486F-8C8D-83EDFCB74BE0}.Debug|Any CPU.Build.0 = Debug|Any CPU
		{2A548A63-56DF-486F-8C8D-83EDFCB74BE0}.Installer_Debug|Any CPU.ActiveCfg = Debug|Any CPU
		{2A548A63-56DF-486F-8C8D-83EDFCB74BE0}.Installer_Debug|Any CPU.Build.0 = Debug|Any CPU
		{2A548A63-56DF-486F-8C8D-83EDFCB74BE0}.Release|Any CPU.ActiveCfg = Release|Any CPU
		{2A548A63-56DF-486F-8C8D-83EDFCB74BE0}.Release|Any CPU.Build.0 = Release|Any CPU
		{FFD6877B-3913-4CF9-B394-4A154821CF63}.Debug|Any CPU.ActiveCfg = Debug|Any CPU
		{FFD6877B-3913-4CF9-B394-4A154821CF63}.Debug|Any CPU.Build.0 = Debug|Any CPU
		{FFD6877B-3913-4CF9-B394-4A154821CF63}.Installer_Debug|Any CPU.ActiveCfg = Debug|Any CPU
		{FFD6877B-3913-4CF9-B394-4A154821CF63}.Installer_Debug|Any CPU.Build.0 = Debug|Any CPU
		{FFD6877B-3913-4CF9-B394-4A154821CF63}.Release|Any CPU.ActiveCfg = Release|Any CPU
		{FFD6877B-3913-4CF9-B394-4A154821CF63}.Release|Any CPU.Build.0 = Release|Any CPU
		{362456BA-B77D-4AAF-B2B6-7609379036BB}.Debug|Any CPU.ActiveCfg = Debug|Any CPU
		{362456BA-B77D-4AAF-B2B6-7609379036BB}.Debug|Any CPU.Build.0 = Debug|Any CPU
		{362456BA-B77D-4AAF-B2B6-7609379036BB}.Installer_Debug|Any CPU.ActiveCfg = Debug|Any CPU
		{362456BA-B77D-4AAF-B2B6-7609379036BB}.Installer_Debug|Any CPU.Build.0 = Debug|Any CPU
		{362456BA-B77D-4AAF-B2B6-7609379036BB}.Release|Any CPU.ActiveCfg = Release|Any CPU
		{362456BA-B77D-4AAF-B2B6-7609379036BB}.Release|Any CPU.Build.0 = Release|Any CPU
		{4B486BFB-AC7C-44F1-B92E-E6E5DA92C8EF}.Debug|Any CPU.ActiveCfg = Debug|Any CPU
		{4B486BFB-AC7C-44F1-B92E-E6E5DA92C8EF}.Debug|Any CPU.Build.0 = Debug|Any CPU
		{4B486BFB-AC7C-44F1-B92E-E6E5DA92C8EF}.Installer_Debug|Any CPU.ActiveCfg = Debug|Any CPU
		{4B486BFB-AC7C-44F1-B92E-E6E5DA92C8EF}.Installer_Debug|Any CPU.Build.0 = Debug|Any CPU
		{4B486BFB-AC7C-44F1-B92E-E6E5DA92C8EF}.Release|Any CPU.ActiveCfg = Release|Any CPU
		{4B486BFB-AC7C-44F1-B92E-E6E5DA92C8EF}.Release|Any CPU.Build.0 = Release|Any CPU
		{B019166C-6430-44BC-86A3-3B929CC0CDA4}.Debug|Any CPU.ActiveCfg = Debug|Any CPU
		{B019166C-6430-44BC-86A3-3B929CC0CDA4}.Debug|Any CPU.Build.0 = Debug|Any CPU
		{B019166C-6430-44BC-86A3-3B929CC0CDA4}.Installer_Debug|Any CPU.ActiveCfg = Debug|Any CPU
		{B019166C-6430-44BC-86A3-3B929CC0CDA4}.Installer_Debug|Any CPU.Build.0 = Debug|Any CPU
		{B019166C-6430-44BC-86A3-3B929CC0CDA4}.Release|Any CPU.ActiveCfg = Release|Any CPU
		{B019166C-6430-44BC-86A3-3B929CC0CDA4}.Release|Any CPU.Build.0 = Release|Any CPU
		{BB7EB9DD-C5BF-4C47-9749-A34177032E83}.Debug|Any CPU.ActiveCfg = Debug|Any CPU
		{BB7EB9DD-C5BF-4C47-9749-A34177032E83}.Debug|Any CPU.Build.0 = Debug|Any CPU
		{BB7EB9DD-C5BF-4C47-9749-A34177032E83}.Installer_Debug|Any CPU.ActiveCfg = Debug|Any CPU
		{BB7EB9DD-C5BF-4C47-9749-A34177032E83}.Installer_Debug|Any CPU.Build.0 = Debug|Any CPU
		{BB7EB9DD-C5BF-4C47-9749-A34177032E83}.Release|Any CPU.ActiveCfg = Release|Any CPU
		{BB7EB9DD-C5BF-4C47-9749-A34177032E83}.Release|Any CPU.Build.0 = Release|Any CPU
		{9F34264E-808B-45B2-8B44-755C6032973D}.Debug|Any CPU.ActiveCfg = Debug|Any CPU
		{9F34264E-808B-45B2-8B44-755C6032973D}.Debug|Any CPU.Build.0 = Debug|Any CPU
		{9F34264E-808B-45B2-8B44-755C6032973D}.Installer_Debug|Any CPU.ActiveCfg = Debug|Any CPU
		{9F34264E-808B-45B2-8B44-755C6032973D}.Installer_Debug|Any CPU.Build.0 = Debug|Any CPU
		{9F34264E-808B-45B2-8B44-755C6032973D}.Release|Any CPU.ActiveCfg = Release|Any CPU
		{9F34264E-808B-45B2-8B44-755C6032973D}.Release|Any CPU.Build.0 = Release|Any CPU
		{2E31143D-B5FB-4DD2-97DF-AA75D984E1E5}.Debug|Any CPU.ActiveCfg = Debug|Any CPU
		{2E31143D-B5FB-4DD2-97DF-AA75D984E1E5}.Debug|Any CPU.Build.0 = Debug|Any CPU
		{2E31143D-B5FB-4DD2-97DF-AA75D984E1E5}.Installer_Debug|Any CPU.ActiveCfg = Debug|Any CPU
		{2E31143D-B5FB-4DD2-97DF-AA75D984E1E5}.Installer_Debug|Any CPU.Build.0 = Debug|Any CPU
		{2E31143D-B5FB-4DD2-97DF-AA75D984E1E5}.Release|Any CPU.ActiveCfg = Release|Any CPU
		{2E31143D-B5FB-4DD2-97DF-AA75D984E1E5}.Release|Any CPU.Build.0 = Release|Any CPU
		{B8C473E1-3331-462D-917B-632EDE4648A3}.Debug|Any CPU.ActiveCfg = Debug|Any CPU
		{B8C473E1-3331-462D-917B-632EDE4648A3}.Debug|Any CPU.Build.0 = Debug|Any CPU
		{B8C473E1-3331-462D-917B-632EDE4648A3}.Installer_Debug|Any CPU.ActiveCfg = Debug|Any CPU
		{B8C473E1-3331-462D-917B-632EDE4648A3}.Installer_Debug|Any CPU.Build.0 = Debug|Any CPU
		{B8C473E1-3331-462D-917B-632EDE4648A3}.Release|Any CPU.ActiveCfg = Release|Any CPU
		{B8C473E1-3331-462D-917B-632EDE4648A3}.Release|Any CPU.Build.0 = Release|Any CPU
		{626746AA-5CD3-4C88-B3AA-7A7A89E17BA5}.Debug|Any CPU.ActiveCfg = Debug|Any CPU
		{626746AA-5CD3-4C88-B3AA-7A7A89E17BA5}.Debug|Any CPU.Build.0 = Debug|Any CPU
		{626746AA-5CD3-4C88-B3AA-7A7A89E17BA5}.Installer_Debug|Any CPU.ActiveCfg = Debug|Any CPU
		{626746AA-5CD3-4C88-B3AA-7A7A89E17BA5}.Installer_Debug|Any CPU.Build.0 = Debug|Any CPU
		{626746AA-5CD3-4C88-B3AA-7A7A89E17BA5}.Release|Any CPU.ActiveCfg = Release|Any CPU
		{626746AA-5CD3-4C88-B3AA-7A7A89E17BA5}.Release|Any CPU.Build.0 = Release|Any CPU
		{0252B968-38FB-48B9-B024-2BE5656BAFC8}.Debug|Any CPU.ActiveCfg = Debug|Any CPU
		{0252B968-38FB-48B9-B024-2BE5656BAFC8}.Debug|Any CPU.Build.0 = Debug|Any CPU
		{0252B968-38FB-48B9-B024-2BE5656BAFC8}.Installer_Debug|Any CPU.ActiveCfg = Debug|Any CPU
		{0252B968-38FB-48B9-B024-2BE5656BAFC8}.Installer_Debug|Any CPU.Build.0 = Debug|Any CPU
		{0252B968-38FB-48B9-B024-2BE5656BAFC8}.Release|Any CPU.ActiveCfg = Release|Any CPU
		{0252B968-38FB-48B9-B024-2BE5656BAFC8}.Release|Any CPU.Build.0 = Release|Any CPU
		{3531F909-6B4E-4362-B64E-CBB8E9767D8F}.Debug|Any CPU.ActiveCfg = Debug|Any CPU
		{3531F909-6B4E-4362-B64E-CBB8E9767D8F}.Debug|Any CPU.Build.0 = Debug|Any CPU
		{3531F909-6B4E-4362-B64E-CBB8E9767D8F}.Installer_Debug|Any CPU.ActiveCfg = Debug|Any CPU
		{3531F909-6B4E-4362-B64E-CBB8E9767D8F}.Installer_Debug|Any CPU.Build.0 = Debug|Any CPU
		{3531F909-6B4E-4362-B64E-CBB8E9767D8F}.Release|Any CPU.ActiveCfg = Release|Any CPU
		{3531F909-6B4E-4362-B64E-CBB8E9767D8F}.Release|Any CPU.Build.0 = Release|Any CPU
		{FC05B523-D397-4B3B-93AA-0B50D7DAB80C}.Debug|Any CPU.ActiveCfg = Debug|Any CPU
		{FC05B523-D397-4B3B-93AA-0B50D7DAB80C}.Debug|Any CPU.Build.0 = Debug|Any CPU
		{FC05B523-D397-4B3B-93AA-0B50D7DAB80C}.Installer_Debug|Any CPU.ActiveCfg = Debug|Any CPU
		{FC05B523-D397-4B3B-93AA-0B50D7DAB80C}.Installer_Debug|Any CPU.Build.0 = Debug|Any CPU
		{FC05B523-D397-4B3B-93AA-0B50D7DAB80C}.Release|Any CPU.ActiveCfg = Release|Any CPU
		{FC05B523-D397-4B3B-93AA-0B50D7DAB80C}.Release|Any CPU.Build.0 = Release|Any CPU
		{66697ABB-C383-45B5-AFD4-CAD277A110DF}.Debug|Any CPU.ActiveCfg = Debug|Any CPU
		{66697ABB-C383-45B5-AFD4-CAD277A110DF}.Debug|Any CPU.Build.0 = Debug|Any CPU
		{66697ABB-C383-45B5-AFD4-CAD277A110DF}.Installer_Debug|Any CPU.ActiveCfg = Debug|Any CPU
		{66697ABB-C383-45B5-AFD4-CAD277A110DF}.Installer_Debug|Any CPU.Build.0 = Debug|Any CPU
		{66697ABB-C383-45B5-AFD4-CAD277A110DF}.Release|Any CPU.ActiveCfg = Release|Any CPU
		{66697ABB-C383-45B5-AFD4-CAD277A110DF}.Release|Any CPU.Build.0 = Release|Any CPU
	EndGlobalSection
	GlobalSection(SolutionProperties) = preSolution
		HideSolutionNode = FALSE
	EndGlobalSection
	GlobalSection(NestedProjects) = preSolution
		{314AC842-4AAC-40DA-B7D2-46034E6FF25A} = {6A1D5BD9-9C46-45DB-9602-02EC3C292F89}
		{445C19F4-E724-42F0-9AAF-A2B2867D826A} = {6A1D5BD9-9C46-45DB-9602-02EC3C292F89}
		{E360A461-585A-4416-82BE-B5719B270B39} = {33798FC3-3A7D-45B2-BC31-31C09D27391E}
		{03BAE7C0-BA53-4792-97D6-AE1637821846} = {8A8E8C0F-B04A-4C2E-89D3-9BED018C6E23}
		{45ECB91C-68EE-4EF9-9F1C-32ACE8A12F54} = {8A8E8C0F-B04A-4C2E-89D3-9BED018C6E23}
		{92A35DEB-7D8F-452B-958B-A7E83259540F} = {2E85DEA9-9448-4AEB-BEF0-D45FFA089BDF}
		{08838EC5-0D11-46AC-8FD1-51B2667C06E1} = {ACF5EC69-2BBA-4201-A91F-C376F5E57BFC}
		{77BE9A99-FB03-479C-9782-D8C337298124} = {2E85DEA9-9448-4AEB-BEF0-D45FFA089BDF}
		{B7030F6A-D793-44FF-A373-D1723C0CFB4F} = {ACF5EC69-2BBA-4201-A91F-C376F5E57BFC}
		{A026B8B1-BB0B-45E0-AA96-709191032655} = {ACF5EC69-2BBA-4201-A91F-C376F5E57BFC}
		{ACF5EC69-2BBA-4201-A91F-C376F5E57BFC} = {BD8FE923-DB01-44D3-9F65-78D68E100E5A}
		{33798FC3-3A7D-45B2-BC31-31C09D27391E} = {ACF5EC69-2BBA-4201-A91F-C376F5E57BFC}
		{2A548A63-56DF-486F-8C8D-83EDFCB74BE0} = {2E85DEA9-9448-4AEB-BEF0-D45FFA089BDF}
		{FFD6877B-3913-4CF9-B394-4A154821CF63} = {33798FC3-3A7D-45B2-BC31-31C09D27391E}
		{362456BA-B77D-4AAF-B2B6-7609379036BB} = {BD8FE923-DB01-44D3-9F65-78D68E100E5A}
		{F74C8612-4E18-4DB6-801E-F04D8B4032B2} = {2E85DEA9-9448-4AEB-BEF0-D45FFA089BDF}
		{4B486BFB-AC7C-44F1-B92E-E6E5DA92C8EF} = {F74C8612-4E18-4DB6-801E-F04D8B4032B2}
		{B019166C-6430-44BC-86A3-3B929CC0CDA4} = {F74C8612-4E18-4DB6-801E-F04D8B4032B2}
		{BB7EB9DD-C5BF-4C47-9749-A34177032E83} = {F74C8612-4E18-4DB6-801E-F04D8B4032B2}
		{9F34264E-808B-45B2-8B44-755C6032973D} = {B6027F6E-F507-4755-B1D7-9AD418A11F1A}
		{2E31143D-B5FB-4DD2-97DF-AA75D984E1E5} = {8A8E8C0F-B04A-4C2E-89D3-9BED018C6E23}
		{B8C473E1-3331-462D-917B-632EDE4648A3} = {B6027F6E-F507-4755-B1D7-9AD418A11F1A}
		{626746AA-5CD3-4C88-B3AA-7A7A89E17BA5} = {B6027F6E-F507-4755-B1D7-9AD418A11F1A}
		{0252B968-38FB-48B9-B024-2BE5656BAFC8} = {8A8E8C0F-B04A-4C2E-89D3-9BED018C6E23}
		{3531F909-6B4E-4362-B64E-CBB8E9767D8F} = {B6027F6E-F507-4755-B1D7-9AD418A11F1A}
		{FC05B523-D397-4B3B-93AA-0B50D7DAB80C} = {B6027F6E-F507-4755-B1D7-9AD418A11F1A}
		{66697ABB-C383-45B5-AFD4-CAD277A110DF} = {B6027F6E-F507-4755-B1D7-9AD418A11F1A}
	EndGlobalSection
	GlobalSection(ExtensibilityGlobals) = postSolution
		SolutionGuid = {5AB9D05F-298B-4588-B2E0-9DAE6B079977}
	EndGlobalSection
EndGlobal
