
Microsoft Visual Studio Solution File, Format Version 12.00
# Visual Studio 15
VisualStudioVersion = 15.0.28307.421
MinimumVisualStudioVersion = 10.0.40219.1
Project("{2150E333-8FDC-42A3-9474-1A3956D46DE8}") = "HAL", "HAL", "{BD8FE923-DB01-44D3-9F65-78D68E100E5A}"
EndProject
Project("{2150E333-8FDC-42A3-9474-1A3956D46DE8}") = "BL", "BL", "{2E85DEA9-9448-4AEB-BEF0-D45FFA089BDF}"
EndProject
Project("{2150E333-8FDC-42A3-9474-1A3956D46DE8}") = "Noah", "Noah", "{DDFD79AB-5D8B-423A-80D5-5D3238805307}"
EndProject
Project("{2150E333-8FDC-42A3-9474-1A3956D46DE8}") = "Common", "Common", "{8A8E8C0F-B04A-4C2E-89D3-9BED018C6E23}"
EndProject
Project("{2150E333-8FDC-42A3-9474-1A3956D46DE8}") = "UI", "UI", "{6A1D5BD9-9C46-45DB-9602-02EC3C292F89}"
EndProject
Project("{FAE04EC0-301F-11D3-BF4B-00C04F79EFBC}") = "OpenRem.UI", "UI\OpenRem.UI\OpenRem.UI.csproj", "{314AC842-4AAC-40DA-B7D2-46034E6FF25A}"
EndProject
Project("{FAE04EC0-301F-11D3-BF4B-00C04F79EFBC}") = "OpenRem.CommonUI", "UI\OpenRem.CommonUI\OpenRem.CommonUI.csproj", "{445C19F4-E724-42F0-9AAF-A2B2867D826A}"
EndProject
Project("{FAE04EC0-301F-11D3-BF4B-00C04F79EFBC}") = "OpenRem.Ark", "Noah\OpenRem.Ark\OpenRem.Ark.csproj", "{9F34264E-808B-45B2-8B44-755C6032973D}"
EndProject
Project("{FAE04EC0-301F-11D3-BF4B-00C04F79EFBC}") = "OpenRem.Arduino", "HAL\OpenRem.Arduino\OpenRem.Arduino.csproj", "{E360A461-585A-4416-82BE-B5719B270B39}"
EndProject
Project("{FAE04EC0-301F-11D3-BF4B-00C04F79EFBC}") = "OpenRem.Core", "Common\OpenRem.Core\OpenRem.Core.csproj", "{03BAE7C0-BA53-4792-97D6-AE1637821846}"
EndProject
Project("{FAE04EC0-301F-11D3-BF4B-00C04F79EFBC}") = "OpenRem.Common", "Common\OpenRem.Common\OpenRem.Common.csproj", "{45ECB91C-68EE-4EF9-9F1C-32ACE8A12F54}"
EndProject
Project("{FAE04EC0-301F-11D3-BF4B-00C04F79EFBC}") = "OpenRem.Engine", "BL\OpenRem.Engine\OpenRem.Engine.csproj", "{92A35DEB-7D8F-452B-958B-A7E83259540F}"
EndProject
Project("{FAE04EC0-301F-11D3-BF4B-00C04F79EFBC}") = "OpenRem.Emulator", "HAL\OpenRem.Emulator\OpenRem.Emulator.csproj", "{08838EC5-0D11-46AC-8FD1-51B2667C06E1}"
EndProject
Project("{FAE04EC0-301F-11D3-BF4B-00C04F79EFBC}") = "OpenRem.Engine.Test", "BL\OpenRem.Engine.Test\OpenRem.Engine.Test.csproj", "{77BE9A99-FB03-479C-9782-D8C337298124}"
EndProject
Global
	GlobalSection(SolutionConfigurationPlatforms) = preSolution
		Debug|Any CPU = Debug|Any CPU
		Installer_Debug|Any CPU = Installer_Debug|Any CPU
		Release|Any CPU = Release|Any CPU
	EndGlobalSection
	GlobalSection(ProjectConfigurationPlatforms) = postSolution
		{314AC842-4AAC-40DA-B7D2-46034E6FF25A}.Debug|Any CPU.ActiveCfg = Debug|Any CPU
		{314AC842-4AAC-40DA-B7D2-46034E6FF25A}.Debug|Any CPU.Build.0 = Debug|Any CPU
		{314AC842-4AAC-40DA-B7D2-46034E6FF25A}.Installer_Debug|Any CPU.ActiveCfg = Debug|Any CPU
		{314AC842-4AAC-40DA-B7D2-46034E6FF25A}.Installer_Debug|Any CPU.Build.0 = Debug|Any CPU
		{314AC842-4AAC-40DA-B7D2-46034E6FF25A}.Release|Any CPU.ActiveCfg = Release|Any CPU
		{314AC842-4AAC-40DA-B7D2-46034E6FF25A}.Release|Any CPU.Build.0 = Release|Any CPU
		{445C19F4-E724-42F0-9AAF-A2B2867D826A}.Debug|Any CPU.ActiveCfg = Debug|Any CPU
		{445C19F4-E724-42F0-9AAF-A2B2867D826A}.Debug|Any CPU.Build.0 = Debug|Any CPU
		{445C19F4-E724-42F0-9AAF-A2B2867D826A}.Installer_Debug|Any CPU.ActiveCfg = Installer_Debug|Any CPU
		{445C19F4-E724-42F0-9AAF-A2B2867D826A}.Installer_Debug|Any CPU.Build.0 = Installer_Debug|Any CPU
		{445C19F4-E724-42F0-9AAF-A2B2867D826A}.Release|Any CPU.ActiveCfg = Release|Any CPU
		{445C19F4-E724-42F0-9AAF-A2B2867D826A}.Release|Any CPU.Build.0 = Release|Any CPU
		{9F34264E-808B-45B2-8B44-755C6032973D}.Debug|Any CPU.ActiveCfg = Debug|Any CPU
		{9F34264E-808B-45B2-8B44-755C6032973D}.Debug|Any CPU.Build.0 = Debug|Any CPU
		{9F34264E-808B-45B2-8B44-755C6032973D}.Installer_Debug|Any CPU.ActiveCfg = Debug|Any CPU
		{9F34264E-808B-45B2-8B44-755C6032973D}.Installer_Debug|Any CPU.Build.0 = Debug|Any CPU
		{9F34264E-808B-45B2-8B44-755C6032973D}.Release|Any CPU.ActiveCfg = Release|Any CPU
		{9F34264E-808B-45B2-8B44-755C6032973D}.Release|Any CPU.Build.0 = Release|Any CPU
		{E360A461-585A-4416-82BE-B5719B270B39}.Debug|Any CPU.ActiveCfg = Debug|Any CPU
		{E360A461-585A-4416-82BE-B5719B270B39}.Debug|Any CPU.Build.0 = Debug|Any CPU
		{E360A461-585A-4416-82BE-B5719B270B39}.Installer_Debug|Any CPU.ActiveCfg = Debug|Any CPU
		{E360A461-585A-4416-82BE-B5719B270B39}.Installer_Debug|Any CPU.Build.0 = Debug|Any CPU
		{E360A461-585A-4416-82BE-B5719B270B39}.Release|Any CPU.ActiveCfg = Release|Any CPU
		{E360A461-585A-4416-82BE-B5719B270B39}.Release|Any CPU.Build.0 = Release|Any CPU
		{03BAE7C0-BA53-4792-97D6-AE1637821846}.Debug|Any CPU.ActiveCfg = Debug|Any CPU
		{03BAE7C0-BA53-4792-97D6-AE1637821846}.Debug|Any CPU.Build.0 = Debug|Any CPU
		{03BAE7C0-BA53-4792-97D6-AE1637821846}.Installer_Debug|Any CPU.ActiveCfg = Debug|Any CPU
		{03BAE7C0-BA53-4792-97D6-AE1637821846}.Installer_Debug|Any CPU.Build.0 = Debug|Any CPU
		{03BAE7C0-BA53-4792-97D6-AE1637821846}.Release|Any CPU.ActiveCfg = Release|Any CPU
		{03BAE7C0-BA53-4792-97D6-AE1637821846}.Release|Any CPU.Build.0 = Release|Any CPU
		{45ECB91C-68EE-4EF9-9F1C-32ACE8A12F54}.Debug|Any CPU.ActiveCfg = Debug|Any CPU
		{45ECB91C-68EE-4EF9-9F1C-32ACE8A12F54}.Debug|Any CPU.Build.0 = Debug|Any CPU
		{45ECB91C-68EE-4EF9-9F1C-32ACE8A12F54}.Installer_Debug|Any CPU.ActiveCfg = Debug|Any CPU
		{45ECB91C-68EE-4EF9-9F1C-32ACE8A12F54}.Installer_Debug|Any CPU.Build.0 = Debug|Any CPU
		{45ECB91C-68EE-4EF9-9F1C-32ACE8A12F54}.Release|Any CPU.ActiveCfg = Release|Any CPU
		{45ECB91C-68EE-4EF9-9F1C-32ACE8A12F54}.Release|Any CPU.Build.0 = Release|Any CPU
		{92A35DEB-7D8F-452B-958B-A7E83259540F}.Debug|Any CPU.ActiveCfg = Debug|Any CPU
		{92A35DEB-7D8F-452B-958B-A7E83259540F}.Debug|Any CPU.Build.0 = Debug|Any CPU
		{92A35DEB-7D8F-452B-958B-A7E83259540F}.Installer_Debug|Any CPU.ActiveCfg = Debug|Any CPU
		{92A35DEB-7D8F-452B-958B-A7E83259540F}.Installer_Debug|Any CPU.Build.0 = Debug|Any CPU
		{92A35DEB-7D8F-452B-958B-A7E83259540F}.Release|Any CPU.ActiveCfg = Release|Any CPU
		{92A35DEB-7D8F-452B-958B-A7E83259540F}.Release|Any CPU.Build.0 = Release|Any CPU
		{08838EC5-0D11-46AC-8FD1-51B2667C06E1}.Debug|Any CPU.ActiveCfg = Debug|Any CPU
		{08838EC5-0D11-46AC-8FD1-51B2667C06E1}.Debug|Any CPU.Build.0 = Debug|Any CPU
		{08838EC5-0D11-46AC-8FD1-51B2667C06E1}.Installer_Debug|Any CPU.ActiveCfg = Debug|Any CPU
		{08838EC5-0D11-46AC-8FD1-51B2667C06E1}.Installer_Debug|Any CPU.Build.0 = Debug|Any CPU
		{08838EC5-0D11-46AC-8FD1-51B2667C06E1}.Release|Any CPU.ActiveCfg = Release|Any CPU
		{08838EC5-0D11-46AC-8FD1-51B2667C06E1}.Release|Any CPU.Build.0 = Release|Any CPU
		{77BE9A99-FB03-479C-9782-D8C337298124}.Debug|Any CPU.ActiveCfg = Debug|Any CPU
		{77BE9A99-FB03-479C-9782-D8C337298124}.Debug|Any CPU.Build.0 = Debug|Any CPU
		{77BE9A99-FB03-479C-9782-D8C337298124}.Installer_Debug|Any CPU.ActiveCfg = Debug|Any CPU
		{77BE9A99-FB03-479C-9782-D8C337298124}.Installer_Debug|Any CPU.Build.0 = Debug|Any CPU
		{77BE9A99-FB03-479C-9782-D8C337298124}.Release|Any CPU.ActiveCfg = Release|Any CPU
		{77BE9A99-FB03-479C-9782-D8C337298124}.Release|Any CPU.Build.0 = Release|Any CPU
	EndGlobalSection
	GlobalSection(SolutionProperties) = preSolution
		HideSolutionNode = FALSE
	EndGlobalSection
	GlobalSection(NestedProjects) = preSolution
		{314AC842-4AAC-40DA-B7D2-46034E6FF25A} = {6A1D5BD9-9C46-45DB-9602-02EC3C292F89}
		{445C19F4-E724-42F0-9AAF-A2B2867D826A} = {6A1D5BD9-9C46-45DB-9602-02EC3C292F89}
		{9F34264E-808B-45B2-8B44-755C6032973D} = {DDFD79AB-5D8B-423A-80D5-5D3238805307}
		{E360A461-585A-4416-82BE-B5719B270B39} = {BD8FE923-DB01-44D3-9F65-78D68E100E5A}
		{03BAE7C0-BA53-4792-97D6-AE1637821846} = {8A8E8C0F-B04A-4C2E-89D3-9BED018C6E23}
		{45ECB91C-68EE-4EF9-9F1C-32ACE8A12F54} = {8A8E8C0F-B04A-4C2E-89D3-9BED018C6E23}
		{92A35DEB-7D8F-452B-958B-A7E83259540F} = {2E85DEA9-9448-4AEB-BEF0-D45FFA089BDF}
		{08838EC5-0D11-46AC-8FD1-51B2667C06E1} = {BD8FE923-DB01-44D3-9F65-78D68E100E5A}
		{77BE9A99-FB03-479C-9782-D8C337298124} = {2E85DEA9-9448-4AEB-BEF0-D45FFA089BDF}
	EndGlobalSection
	GlobalSection(ExtensibilityGlobals) = postSolution
		SolutionGuid = {5AB9D05F-298B-4588-B2E0-9DAE6B079977}
	EndGlobalSection
EndGlobal
